
Microsoft Visual Studio Solution File, Format Version 12.00
# Visual Studio Version 17
VisualStudioVersion = 17.10.35004.147
MinimumVisualStudioVersion = 10.0.40219.1
Project("{FAE04EC0-301F-11D3-BF4B-00C04F79EFBC}") = "ASP.NET Core 03", "ASP.NET Core 03\ASP.NET Core 03.csproj", "{A11CDBB4-CC22-4B27-81D5-AB98AA316CF6}"
EndProject
Global
	GlobalSection(SolutionConfigurationPlatforms) = preSolution
		Debug|Any CPU = Debug|Any CPU
		Release|Any CPU = Release|Any CPU
	EndGlobalSection
	GlobalSection(ProjectConfigurationPlatforms) = postSolution
		{A11CDBB4-CC22-4B27-81D5-AB98AA316CF6}.Debug|Any CPU.ActiveCfg = Debug|Any CPU
		{A11CDBB4-CC22-4B27-81D5-AB98AA316CF6}.Debug|Any CPU.Build.0 = Debug|Any CPU
		{A11CDBB4-CC22-4B27-81D5-AB98AA316CF6}.Release|Any CPU.ActiveCfg = Release|Any CPU
		{A11CDBB4-CC22-4B27-81D5-AB98AA316CF6}.Release|Any CPU.Build.0 = Release|Any CPU
	EndGlobalSection
	GlobalSection(SolutionProperties) = preSolution
		HideSolutionNode = FALSE
	EndGlobalSection
	GlobalSection(ExtensibilityGlobals) = postSolution
		SolutionGuid = {A30F21CF-4B89-4D34-B18E-685242F78A57}
	EndGlobalSection
EndGlobal
